
Microsoft Visual Studio Solution File, Format Version 12.00
# Visual Studio Version 16
VisualStudioVersion = 16.0.29123.88
MinimumVisualStudioVersion = 10.0.40219.1
Project("{9A19103F-16F7-4668-BE54-9A1E7A4F7556}") = "SnackHouse.Dominio", "QuickBuy.Dominio\SnackHouse.Dominio.csproj", "{CFFEB789-6740-4654-975F-FEBEA98791B6}"
EndProject
Project("{9A19103F-16F7-4668-BE54-9A1E7A4F7556}") = "SnackHouse.Repositorio", "QuickBuy.Repositorio\SnackHouse.Repositorio.csproj", "{0218CC23-9BD6-4308-B731-C580F6489CE6}"
EndProject
Project("{9A19103F-16F7-4668-BE54-9A1E7A4F7556}") = "SnackHouse.Web", "QuickBuy.Web\SnackHouse.Web.csproj", "{1DE095D6-92C5-482A-979D-625007BA3FE6}"
EndProject
Global
	GlobalSection(SolutionConfigurationPlatforms) = preSolution
		Debug|Any CPU = Debug|Any CPU
		Release|Any CPU = Release|Any CPU
	EndGlobalSection
	GlobalSection(ProjectConfigurationPlatforms) = postSolution
		{CFFEB789-6740-4654-975F-FEBEA98791B6}.Debug|Any CPU.ActiveCfg = Debug|Any CPU
		{CFFEB789-6740-4654-975F-FEBEA98791B6}.Debug|Any CPU.Build.0 = Debug|Any CPU
		{CFFEB789-6740-4654-975F-FEBEA98791B6}.Release|Any CPU.ActiveCfg = Release|Any CPU
		{CFFEB789-6740-4654-975F-FEBEA98791B6}.Release|Any CPU.Build.0 = Release|Any CPU
		{0218CC23-9BD6-4308-B731-C580F6489CE6}.Debug|Any CPU.ActiveCfg = Debug|Any CPU
		{0218CC23-9BD6-4308-B731-C580F6489CE6}.Debug|Any CPU.Build.0 = Debug|Any CPU
		{0218CC23-9BD6-4308-B731-C580F6489CE6}.Release|Any CPU.ActiveCfg = Release|Any CPU
		{0218CC23-9BD6-4308-B731-C580F6489CE6}.Release|Any CPU.Build.0 = Release|Any CPU
		{1DE095D6-92C5-482A-979D-625007BA3FE6}.Debug|Any CPU.ActiveCfg = Debug|Any CPU
		{1DE095D6-92C5-482A-979D-625007BA3FE6}.Debug|Any CPU.Build.0 = Debug|Any CPU
		{1DE095D6-92C5-482A-979D-625007BA3FE6}.Release|Any CPU.ActiveCfg = Release|Any CPU
		{1DE095D6-92C5-482A-979D-625007BA3FE6}.Release|Any CPU.Build.0 = Release|Any CPU
	EndGlobalSection
	GlobalSection(SolutionProperties) = preSolution
		HideSolutionNode = FALSE
	EndGlobalSection
	GlobalSection(ExtensibilityGlobals) = postSolution
		SolutionGuid = {6C85724F-9AE2-419A-B9E0-749014A441F1}
	EndGlobalSection
EndGlobal
